
Microsoft Visual Studio Solution File, Format Version 12.00
# Visual Studio Version 17
VisualStudioVersion = 17.4.33213.308
MinimumVisualStudioVersion = 10.0.40219.1
Project("{FAE04EC0-301F-11D3-BF4B-00C04F79EFBC}") = "Portafolio_EncinasGuerrero", "Portafolio_EncinasGuerrero.csproj", "{BCA6BCB7-D030-445A-8F9D-8F1A82A8035B}"
EndProject
Global
	GlobalSection(SolutionConfigurationPlatforms) = preSolution
		Debug|Any CPU = Debug|Any CPU
		Release|Any CPU = Release|Any CPU
	EndGlobalSection
	GlobalSection(ProjectConfigurationPlatforms) = postSolution
		{BCA6BCB7-D030-445A-8F9D-8F1A82A8035B}.Debug|Any CPU.ActiveCfg = Debug|Any CPU
		{BCA6BCB7-D030-445A-8F9D-8F1A82A8035B}.Debug|Any CPU.Build.0 = Debug|Any CPU
		{BCA6BCB7-D030-445A-8F9D-8F1A82A8035B}.Release|Any CPU.ActiveCfg = Release|Any CPU
		{BCA6BCB7-D030-445A-8F9D-8F1A82A8035B}.Release|Any CPU.Build.0 = Release|Any CPU
	EndGlobalSection
	GlobalSection(SolutionProperties) = preSolution
		HideSolutionNode = FALSE
	EndGlobalSection
	GlobalSection(ExtensibilityGlobals) = postSolution
		SolutionGuid = {57D3AC25-B895-44C3-89BC-5A4EC421F4BE}
	EndGlobalSection
EndGlobal
